{
    "_meta": {
        "hash": {
            "sha256": "d81ac4b6e29ad6b05cf2fc1653f2f30ec926da9ff661ca2b5b63b346ffd691e3"
        },
        "pipfile-spec": 6,
        "requires": {
            "python_version": "3.10"
        },
        "sources": [
            {
                "name": "pypi",
                "url": "https://pypi.org/simple",
                "verify_ssl": true
            }
        ]
    },
    "default": {
        "adafruit-blinka": {
            "hashes": [
                "sha256:4f4aab125041164232d43de1be3f79467a5f9aeb1f22328bfb96f71df221b35e",
                "sha256:ce53f11ba65a13b69ceb7a5f3906d6a4965cd2b7aa740a5dece75f56e075dab2"
            ],
            "markers": "python_full_version >= '3.7.0'",
            "version": "==8.21.0"
        },
        "adafruit-circuitpython-busdevice": {
            "hashes": [
                "sha256:9f25577843f0a338a0936a1b57436f4451f7783b38e3cf46160b6be78faeaa44",
                "sha256:ed06f5552e5567b0c89589c5bc6ef3adcac67d59eb505ce9127af99f33c2bc90"
            ],
            "version": "==5.2.6"
        },
        "adafruit-circuitpython-mlx90640": {
            "hashes": [
                "sha256:45ac81fd045bca88fd0bb79b6929a42b554138fc01b5c3dfa08487ca228a63c5",
                "sha256:5d9ffbd6983f1fa078216f25ae7db63641f494042cc799041bdf71e3c8d609f5"
            ],
            "index": "pypi",
            "version": "==1.2.16"
        },
        "adafruit-circuitpython-register": {
            "hashes": [
                "sha256:43e8d35101ab2d661dfcba43f491db779b5c8c5ef4a8ac35f7ee3fa69fcb7d35",
                "sha256:fdb40cf4f911768382bbc021f3115061e0322160878e04e583acc6aad17a4dac"
            ],
            "version": "==1.9.16"
        },
        "adafruit-circuitpython-requests": {
            "hashes": [
                "sha256:6fa26dd0eefd2a2df7cc4ddf38cf0fdf1c3307ba95a9ed0255d5559f1d28bd44",
                "sha256:904bf113261ce78eaeebb7cf5209db318cec073a93c3aeeccac36606d842b6d7"
            ],
            "version": "==2.0.1"
        },
        "adafruit-circuitpython-typing": {
            "hashes": [
                "sha256:75e41d8587915c2eee864586d37e468e2e6297a327b8a9d44422dfec5fbdd5bb",
                "sha256:fd76b076e3aefd78cd463d5cbdd6a8422f781ea69b2e6c6d6171173e1b3e8c99"
            ],
            "version": "==1.9.4"
        },
        "adafruit-platformdetect": {
            "hashes": [
                "sha256:ba2c7236073f27930974f5e0042ad1aa69f1a20f600c32585ddcee2cc0c686d4",
                "sha256:fdad0828e1569d70ba04922da490ea880f5a081d4f36182536507fe0abf241d8"
            ],
            "version": "==3.51.0"
        },
        "adafruit-pureio": {
            "hashes": [
                "sha256:281ab2099372cc0decc26326918996cbf21b8eed694ec4764d51eefa029d324e",
                "sha256:c4cfbb365731942d1f1092a116f47dfdae0aef18c5b27f1072b5824ad5ea8c7c"
            ],
            "markers": "python_full_version >= '3.5.0'",
            "version": "==1.1.11"
        },
        "numpy": {
            "hashes": [
                "sha256:0d60fbae8e0019865fc4784745814cff1c421df5afee233db6d88ab4f14655a2",
                "sha256:1a1329e26f46230bf77b02cc19e900db9b52f398d6722ca853349a782d4cff55",
                "sha256:1b9735c27cea5d995496f46a8b1cd7b408b3f34b6d50459d9ac8fe3a20cc17bf",
                "sha256:2792d23d62ec51e50ce4d4b7d73de8f67a2fd3ea710dcbc8563a51a03fb07b01",
                "sha256:3e0746410e73384e70d286f93abf2520035250aad8c5714240b0492a7302fdca",
                "sha256:4c3abc71e8b6edba80a01a52e66d83c5d14433cbcd26a40c329ec7ed09f37901",
                "sha256:5883c06bb92f2e6c8181df7b39971a5fb436288db58b5a1c3967702d4278691d",
                "sha256:5c97325a0ba6f9d041feb9390924614b60b99209a71a69c876f71052521d42a4",
                "sha256:60e7f0f7f6d0eee8364b9a6304c2845b9c491ac706048c7e8cf47b83123b8dbf",
                "sha256:76b4115d42a7dfc5d485d358728cdd8719be33cc5ec6ec08632a5d6fca2ed380",
                "sha256:7dc869c0c75988e1c693d0e2d5b26034644399dd929bc049db55395b1379e044",
                "sha256:834b386f2b8210dca38c71a6e0f4fd6922f7d3fcff935dbe3a570945acb1b545",
                "sha256:8b77775f4b7df768967a7c8b3567e309f617dd5e99aeb886fa14dc1a0791141f",
                "sha256:90319e4f002795ccfc9050110bbbaa16c944b1c37c0baeea43c5fb881693ae1f",
                "sha256:b79e513d7aac42ae918db3ad1341a015488530d0bb2a6abcbdd10a3a829ccfd3",
                "sha256:bb33d5a1cf360304754913a350edda36d5b8c5331a8237268c48f91253c3a364",
                "sha256:bec1e7213c7cb00d67093247f8c4db156fd03075f49876957dca4711306d39c9",
                "sha256:c5462d19336db4560041517dbb7759c21d181a67cb01b36ca109b2ae37d32418",
                "sha256:c5652ea24d33585ea39eb6a6a15dac87a1206a692719ff45d53c5282e66d4a8f",
                "sha256:d7806500e4f5bdd04095e849265e55de20d8cc4b661b038957354327f6d9b295",
                "sha256:db3ccc4e37a6873045580d413fe79b68e47a681af8db2e046f1dacfa11f86eb3",
                "sha256:dfe4a913e29b418d096e696ddd422d8a5d13ffba4ea91f9f60440a3b759b0187",
                "sha256:eb942bfb6f84df5ce05dbf4b46673ffed0d3da59f13635ea9b926af3deb76926",
                "sha256:f08f2e037bba04e707eebf4bc934f1972a315c883a9e0ebfa8a7756eabf9e357",
                "sha256:fd608e19c8d7c55021dffd43bfe5492fab8cc105cc8986f813f8c3c048b38760"
            ],
            "markers": "python_version >= '3.10'",
            "version": "==1.25.2"
        },
        "opencv-python": {
            "hashes": [
                "sha256:48eb3121d809a873086d6677565e3ac963e6946110d13cd115533fa70e2aa2eb",
                "sha256:56d84c43ce800938b9b1ec74b33942b2edbcef3f70c2754eb9bfe5dff1ee3ace",
                "sha256:67bce4b9aad307c98a9a07c6afb7de3a4e823c1f4991d6d8e88e229e7dfeee59",
                "sha256:93871871b1c9d6b125cddd45b0638a2fa01ee9fd37f5e428823f750e404f2f15",
                "sha256:9bcb4944211acf13742dbfd9d3a11dc4e36353ffa1746f2c7dcd6a01c32d1376",
                "sha256:b2349dc9f97ed6c9ba163d0a7a24bcef9695a3e216cd143e92f1b9659c5d9a49",
                "sha256:ba32cfa75a806abd68249699d34420737d27b5678553387fc5768747a6492147"
            ],
            "index": "pypi",
            "version": "==4.8.0.76"
        },
        "pigpio": {
            "hashes": [
                "sha256:81e46f640c4e6342881fa9bbe290dbcd4fc179619dc6591e57a9d4a084dc49fa",
                "sha256:91efa50e4990649da97408a384782d6ccf58342fc59cdfe21ed7a42911569975"
            ],
            "index": "pypi",
            "version": "==1.78"
        },
        "pyftdi": {
            "hashes": [
                "sha256:6af7b6c73da1256fd5140076fe77a616c13e44dd0779dd561dac1b5981dbd43f",
                "sha256:a747bbbccc4eeea26cefa2c8bd3d2b8bef8c94ecb6969bb9c75a63640887519a"
            ],
            "markers": "python_version >= '3.8'",
            "version": "==0.55.0"
        },
        "pyserial": {
            "hashes": [
                "sha256:3c77e014170dfffbd816e6ffc205e9842efb10be9f58ec16d3e8675b4925cddb",
                "sha256:c4451db6ba391ca6ca299fb3ec7bae67a5c55dde170964c7a14ceefec02f2cf0"
            ],
            "version": "==3.5"
        },
        "pyusb": {
            "hashes": [
                "sha256:2b4c7cb86dbadf044dfb9d3a4ff69fd217013dbe78a792177a3feb172449ea36",
                "sha256:a4cc7404a203144754164b8b40994e2849fde1cfff06b08492f12fff9d9de7b9"
            ],
            "markers": "python_full_version >= '3.6.0'",
            "version": "==1.2.1"
        },
        "typing-extensions": {
            "hashes": [
                "sha256:440d5dd3af93b060174bf433bccd69b0babc3b15b1a8dca43789fd7f61514b36",
                "sha256:b75ddc264f0ba5615db7ba217daeb99701ad295353c45f9e95963337ceeeffb2"
            ],
            "markers": "python_version >= '3.7'",
            "version": "==4.7.1"
        }
    },
    "develop": {}
}
